
Microsoft Visual Studio Solution File, Format Version 12.00
# Visual Studio Version 17
VisualStudioVersion = 17.9.34902.65
MinimumVisualStudioVersion = 10.0.40219.1
Project("{9A19103F-16F7-4668-BE54-9A1E7A4F7556}") = "Api", "Api\Api.csproj", "{BD4C1FAA-A4AA-415F-9899-7E11810C7B4A}"
EndProject
Project("{9A19103F-16F7-4668-BE54-9A1E7A4F7556}") = "Domain", "Domain\Domain.csproj", "{2D5BEA47-DA26-4CDE-81B2-2BE9C841120A}"
EndProject
Project("{9A19103F-16F7-4668-BE54-9A1E7A4F7556}") = "Model", "Model\Model.csproj", "{D8A054D4-30A1-4208-B949-72E4C75CE03A}"
EndProject
Project("{9A19103F-16F7-4668-BE54-9A1E7A4F7556}") = "Repository", "Repository\Repository.csproj", "{DA90AACB-9C86-49BC-8B1C-6D82F3649D05}"
EndProject
Project("{FAE04EC0-301F-11D3-BF4B-00C04F79EFBC}") = "Tests", "Tests\Tests.csproj", "{3F09FD18-AB71-48BE-98BA-4B06AFC17900}"
EndProject
Global
	GlobalSection(SolutionConfigurationPlatforms) = preSolution
		Debug|Any CPU = Debug|Any CPU
		Release|Any CPU = Release|Any CPU
	EndGlobalSection
	GlobalSection(ProjectConfigurationPlatforms) = postSolution
		{BD4C1FAA-A4AA-415F-9899-7E11810C7B4A}.Debug|Any CPU.ActiveCfg = Debug|Any CPU
		{BD4C1FAA-A4AA-415F-9899-7E11810C7B4A}.Debug|Any CPU.Build.0 = Debug|Any CPU
		{BD4C1FAA-A4AA-415F-9899-7E11810C7B4A}.Release|Any CPU.ActiveCfg = Release|Any CPU
		{BD4C1FAA-A4AA-415F-9899-7E11810C7B4A}.Release|Any CPU.Build.0 = Release|Any CPU
		{2D5BEA47-DA26-4CDE-81B2-2BE9C841120A}.Debug|Any CPU.ActiveCfg = Debug|Any CPU
		{2D5BEA47-DA26-4CDE-81B2-2BE9C841120A}.Debug|Any CPU.Build.0 = Debug|Any CPU
		{2D5BEA47-DA26-4CDE-81B2-2BE9C841120A}.Release|Any CPU.ActiveCfg = Release|Any CPU
		{2D5BEA47-DA26-4CDE-81B2-2BE9C841120A}.Release|Any CPU.Build.0 = Release|Any CPU
		{D8A054D4-30A1-4208-B949-72E4C75CE03A}.Debug|Any CPU.ActiveCfg = Debug|Any CPU
		{D8A054D4-30A1-4208-B949-72E4C75CE03A}.Debug|Any CPU.Build.0 = Debug|Any CPU
		{D8A054D4-30A1-4208-B949-72E4C75CE03A}.Release|Any CPU.ActiveCfg = Release|Any CPU
		{D8A054D4-30A1-4208-B949-72E4C75CE03A}.Release|Any CPU.Build.0 = Release|Any CPU
		{DA90AACB-9C86-49BC-8B1C-6D82F3649D05}.Debug|Any CPU.ActiveCfg = Debug|Any CPU
		{DA90AACB-9C86-49BC-8B1C-6D82F3649D05}.Debug|Any CPU.Build.0 = Debug|Any CPU
		{DA90AACB-9C86-49BC-8B1C-6D82F3649D05}.Release|Any CPU.ActiveCfg = Release|Any CPU
		{DA90AACB-9C86-49BC-8B1C-6D82F3649D05}.Release|Any CPU.Build.0 = Release|Any CPU
		{3F09FD18-AB71-48BE-98BA-4B06AFC17900}.Debug|Any CPU.ActiveCfg = Debug|Any CPU
		{3F09FD18-AB71-48BE-98BA-4B06AFC17900}.Debug|Any CPU.Build.0 = Debug|Any CPU
		{3F09FD18-AB71-48BE-98BA-4B06AFC17900}.Release|Any CPU.ActiveCfg = Release|Any CPU
		{3F09FD18-AB71-48BE-98BA-4B06AFC17900}.Release|Any CPU.Build.0 = Release|Any CPU
	EndGlobalSection
	GlobalSection(SolutionProperties) = preSolution
		HideSolutionNode = FALSE
	EndGlobalSection
	GlobalSection(ExtensibilityGlobals) = postSolution
		SolutionGuid = {C3C1A49F-8B30-4476-8F8F-D7D5092A299C}
	EndGlobalSection
EndGlobal
